
Microsoft Visual Studio Solution File, Format Version 12.00
# Visual Studio Version 17
VisualStudioVersion = 17.2.32616.157
MinimumVisualStudioVersion = 10.0.40219.1
Project("{FAE04EC0-301F-11D3-BF4B-00C04F79EFBC}") = "WPF_GIT_2", "WPF_GIT_2\WPF_GIT_2.csproj", "{4ADEB2E8-75C0-482C-A1E0-144EDBDFBDE9}"
EndProject
Global
	GlobalSection(SolutionConfigurationPlatforms) = preSolution
		Debug|Any CPU = Debug|Any CPU
		Release|Any CPU = Release|Any CPU
	EndGlobalSection
	GlobalSection(ProjectConfigurationPlatforms) = postSolution
		{4ADEB2E8-75C0-482C-A1E0-144EDBDFBDE9}.Debug|Any CPU.ActiveCfg = Debug|Any CPU
		{4ADEB2E8-75C0-482C-A1E0-144EDBDFBDE9}.Debug|Any CPU.Build.0 = Debug|Any CPU
		{4ADEB2E8-75C0-482C-A1E0-144EDBDFBDE9}.Release|Any CPU.ActiveCfg = Release|Any CPU
		{4ADEB2E8-75C0-482C-A1E0-144EDBDFBDE9}.Release|Any CPU.Build.0 = Release|Any CPU
	EndGlobalSection
	GlobalSection(SolutionProperties) = preSolution
		HideSolutionNode = FALSE
	EndGlobalSection
	GlobalSection(ExtensibilityGlobals) = postSolution
		SolutionGuid = {32F3C219-B492-4BFC-B56B-3DCA5B208649}
	EndGlobalSection
EndGlobal
